// !$*UTF8*$!
{
	archiveVersion = 1;
	classes = {
	};
	objectVersion = 55;
	objects = {

/* Begin PBXBuildFile section */
		2C56039B27A49582009BB96F /* Tests_iOS.swift in Sources */ = {isa = PBXBuildFile; fileRef = 2C56039A27A49582009BB96F /* Tests_iOS.swift */; };
		2C56039D27A49582009BB96F /* Tests_iOSLaunchTests.swift in Sources */ = {isa = PBXBuildFile; fileRef = 2C56039C27A49582009BB96F /* Tests_iOSLaunchTests.swift */; };
		2C5603A727A49582009BB96F /* Tests_macOS.swift in Sources */ = {isa = PBXBuildFile; fileRef = 2C5603A627A49582009BB96F /* Tests_macOS.swift */; };
		2C5603A927A49582009BB96F /* Tests_macOSLaunchTests.swift in Sources */ = {isa = PBXBuildFile; fileRef = 2C5603A827A49582009BB96F /* Tests_macOSLaunchTests.swift */; };
		2C5603AA27A49582009BB96F /* HW_2App.swift in Sources */ = {isa = PBXBuildFile; fileRef = 2C56038227A4957F009BB96F /* HW_2App.swift */; };
		2C5603AB27A49582009BB96F /* HW_2App.swift in Sources */ = {isa = PBXBuildFile; fileRef = 2C56038227A4957F009BB96F /* HW_2App.swift */; };
		2C5603AC27A49582009BB96F /* ContentView.swift in Sources */ = {isa = PBXBuildFile; fileRef = 2C56038327A4957F009BB96F /* ContentView.swift */; };
		2C5603AD27A49582009BB96F /* ContentView.swift in Sources */ = {isa = PBXBuildFile; fileRef = 2C56038327A4957F009BB96F /* ContentView.swift */; };
		2C5603AE27A49582009BB96F /* Assets.xcassets in Resources */ = {isa = PBXBuildFile; fileRef = 2C56038427A49582009BB96F /* Assets.xcassets */; };
		2C5603AF27A49582009BB96F /* Assets.xcassets in Resources */ = {isa = PBXBuildFile; fileRef = 2C56038427A49582009BB96F /* Assets.xcassets */; };
		2C5603BF27A499CF009BB96F /* RootSolns.swift in Sources */ = {isa = PBXBuildFile; fileRef = 2C5603BE27A499CF009BB96F /* RootSolns.swift */; };
		2C5603C027A499CF009BB96F /* RootSolns.swift in Sources */ = {isa = PBXBuildFile; fileRef = 2C5603BE27A499CF009BB96F /* RootSolns.swift */; };
/* End PBXBuildFile section */

/* Begin PBXContainerItemProxy section */
		2C56039727A49582009BB96F /* PBXContainerItemProxy */ = {
			isa = PBXContainerItemProxy;
			containerPortal = 2C56037D27A4957F009BB96F /* Project object */;
			proxyType = 1;
			remoteGlobalIDString = 2C56038827A49582009BB96F;
			remoteInfo = "HW 2 (iOS)";
		};
		2C5603A327A49582009BB96F /* PBXContainerItemProxy */ = {
			isa = PBXContainerItemProxy;
			containerPortal = 2C56037D27A4957F009BB96F /* Project object */;
			proxyType = 1;
			remoteGlobalIDString = 2C56038E27A49582009BB96F;
			remoteInfo = "HW 2 (macOS)";
		};
/* End PBXContainerItemProxy section */

/* Begin PBXFileReference section */
		2C56038227A4957F009BB96F /* HW_2App.swift */ = {isa = PBXFileReference; lastKnownFileType = sourcecode.swift; path = HW_2App.swift; sourceTree = "<group>"; };
		2C56038327A4957F009BB96F /* ContentView.swift */ = {isa = PBXFileReference; lastKnownFileType = sourcecode.swift; path = ContentView.swift; sourceTree = "<group>"; };
		2C56038427A49582009BB96F /* Assets.xcassets */ = {isa = PBXFileReference; lastKnownFileType = folder.assetcatalog; path = Assets.xcassets; sourceTree = "<group>"; };
		2C56038927A49582009BB96F /* HW 2 Quadratic.app */ = {isa = PBXFileReference; explicitFileType = wrapper.application; includeInIndex = 0; path = "HW 2 Quadratic.app"; sourceTree = BUILT_PRODUCTS_DIR; };
		2C56038F27A49582009BB96F /* HW 2 Quadratic.app */ = {isa = PBXFileReference; explicitFileType = wrapper.application; includeInIndex = 0; path = "HW 2 Quadratic.app"; sourceTree = BUILT_PRODUCTS_DIR; };
		2C56039127A49582009BB96F /* macOS.entitlements */ = {isa = PBXFileReference; lastKnownFileType = text.plist.entitlements; path = macOS.entitlements; sourceTree = "<group>"; };
		2C56039627A49582009BB96F /* Tests iOS.xctest */ = {isa = PBXFileReference; explicitFileType = wrapper.cfbundle; includeInIndex = 0; path = "Tests iOS.xctest"; sourceTree = BUILT_PRODUCTS_DIR; };
		2C56039A27A49582009BB96F /* Tests_iOS.swift */ = {isa = PBXFileReference; lastKnownFileType = sourcecode.swift; path = Tests_iOS.swift; sourceTree = "<group>"; };
		2C56039C27A49582009BB96F /* Tests_iOSLaunchTests.swift */ = {isa = PBXFileReference; lastKnownFileType = sourcecode.swift; path = Tests_iOSLaunchTests.swift; sourceTree = "<group>"; };
		2C5603A227A49582009BB96F /* Tests macOS.xctest */ = {isa = PBXFileReference; explicitFileType = wrapper.cfbundle; includeInIndex = 0; path = "Tests macOS.xctest"; sourceTree = BUILT_PRODUCTS_DIR; };
		2C5603A627A49582009BB96F /* Tests_macOS.swift */ = {isa = PBXFileReference; lastKnownFileType = sourcecode.swift; path = Tests_macOS.swift; sourceTree = "<group>"; };
		2C5603A827A49582009BB96F /* Tests_macOSLaunchTests.swift */ = {isa = PBXFileReference; lastKnownFileType = sourcecode.swift; path = Tests_macOSLaunchTests.swift; sourceTree = "<group>"; };
		2C5603BE27A499CF009BB96F /* RootSolns.swift */ = {isa = PBXFileReference; lastKnownFileType = sourcecode.swift; path = RootSolns.swift; sourceTree = "<group>"; };
/* End PBXFileReference section */

/* Begin PBXFrameworksBuildPhase section */
		2C56038627A49582009BB96F /* Frameworks */ = {
			isa = PBXFrameworksBuildPhase;
			buildActionMask = 2147483647;
			files = (
			);
			runOnlyForDeploymentPostprocessing = 0;
		};
		2C56038C27A49582009BB96F /* Frameworks */ = {
			isa = PBXFrameworksBuildPhase;
			buildActionMask = 2147483647;
			files = (
			);
			runOnlyForDeploymentPostprocessing = 0;
		};
		2C56039327A49582009BB96F /* Frameworks */ = {
			isa = PBXFrameworksBuildPhase;
			buildActionMask = 2147483647;
			files = (
			);
			runOnlyForDeploymentPostprocessing = 0;
		};
		2C56039F27A49582009BB96F /* Frameworks */ = {
			isa = PBXFrameworksBuildPhase;
			buildActionMask = 2147483647;
			files = (
			);
			runOnlyForDeploymentPostprocessing = 0;
		};
/* End PBXFrameworksBuildPhase section */

/* Begin PBXGroup section */
		2C56037C27A4957F009BB96F = {
			isa = PBXGroup;
			children = (
				2C56038127A4957F009BB96F /* Shared */,
				2C56039027A49582009BB96F /* macOS */,
				2C56039927A49582009BB96F /* Tests iOS */,
				2C5603A527A49582009BB96F /* Tests macOS */,
				2C56038A27A49582009BB96F /* Products */,
			);
			sourceTree = "<group>";
		};
		2C56038127A4957F009BB96F /* Shared */ = {
			isa = PBXGroup;
			children = (
				2C56038227A4957F009BB96F /* HW_2App.swift */,
				2C56038327A4957F009BB96F /* ContentView.swift */,
				2C5603BE27A499CF009BB96F /* RootSolns.swift */,
				2C56038427A49582009BB96F /* Assets.xcassets */,
			);
			path = Shared;
			sourceTree = "<group>";
		};
		2C56038A27A49582009BB96F /* Products */ = {
			isa = PBXGroup;
			children = (
				2C56038927A49582009BB96F /* HW 2 Quadratic.app */,
				2C56038F27A49582009BB96F /* HW 2 Quadratic.app */,
				2C56039627A49582009BB96F /* Tests iOS.xctest */,
				2C5603A227A49582009BB96F /* Tests macOS.xctest */,
			);
			name = Products;
			sourceTree = "<group>";
		};
		2C56039027A49582009BB96F /* macOS */ = {
			isa = PBXGroup;
			children = (
				2C56039127A49582009BB96F /* macOS.entitlements */,
			);
			path = macOS;
			sourceTree = "<group>";
		};
		2C56039927A49582009BB96F /* Tests iOS */ = {
			isa = PBXGroup;
			children = (
				2C56039A27A49582009BB96F /* Tests_iOS.swift */,
				2C56039C27A49582009BB96F /* Tests_iOSLaunchTests.swift */,
			);
			path = "Tests iOS";
			sourceTree = "<group>";
		};
		2C5603A527A49582009BB96F /* Tests macOS */ = {
			isa = PBXGroup;
			children = (
				2C5603A627A49582009BB96F /* Tests_macOS.swift */,
				2C5603A827A49582009BB96F /* Tests_macOSLaunchTests.swift */,
			);
			path = "Tests macOS";
			sourceTree = "<group>";
		};
/* End PBXGroup section */

/* Begin PBXNativeTarget section */
		2C56038827A49582009BB96F /* HW 2 Quadratic (iOS) */ = {
			isa = PBXNativeTarget;
			buildConfigurationList = 2C5603B227A49582009BB96F /* Build configuration list for PBXNativeTarget "HW 2 Quadratic (iOS)" */;
			buildPhases = (
				2C56038527A49582009BB96F /* Sources */,
				2C56038627A49582009BB96F /* Frameworks */,
				2C56038727A49582009BB96F /* Resources */,
			);
			buildRules = (
			);
			dependencies = (
			);
			name = "HW 2 Quadratic (iOS)";
			productName = "HW 2 (iOS)";
			productReference = 2C56038927A49582009BB96F /* HW 2 Quadratic.app */;
			productType = "com.apple.product-type.application";
		};
		2C56038E27A49582009BB96F /* HW 2 Quadratic (macOS) */ = {
			isa = PBXNativeTarget;
			buildConfigurationList = 2C5603B527A49582009BB96F /* Build configuration list for PBXNativeTarget "HW 2 Quadratic (macOS)" */;
			buildPhases = (
				2C56038B27A49582009BB96F /* Sources */,
				2C56038C27A49582009BB96F /* Frameworks */,
				2C56038D27A49582009BB96F /* Resources */,
			);
			buildRules = (
			);
			dependencies = (
			);
			name = "HW 2 Quadratic (macOS)";
			productName = "HW 2 (macOS)";
			productReference = 2C56038F27A49582009BB96F /* HW 2 Quadratic.app */;
			productType = "com.apple.product-type.application";
		};
		2C56039527A49582009BB96F /* Tests iOS */ = {
			isa = PBXNativeTarget;
			buildConfigurationList = 2C5603B827A49582009BB96F /* Build configuration list for PBXNativeTarget "Tests iOS" */;
			buildPhases = (
				2C56039227A49582009BB96F /* Sources */,
				2C56039327A49582009BB96F /* Frameworks */,
				2C56039427A49582009BB96F /* Resources */,
			);
			buildRules = (
			);
			dependencies = (
				2C56039827A49582009BB96F /* PBXTargetDependency */,
			);
			name = "Tests iOS";
			productName = "Tests iOS";
			productReference = 2C56039627A49582009BB96F /* Tests iOS.xctest */;
			productType = "com.apple.product-type.bundle.ui-testing";
		};
		2C5603A127A49582009BB96F /* Tests macOS */ = {
			isa = PBXNativeTarget;
			buildConfigurationList = 2C5603BB27A49582009BB96F /* Build configuration list for PBXNativeTarget "Tests macOS" */;
			buildPhases = (
				2C56039E27A49582009BB96F /* Sources */,
				2C56039F27A49582009BB96F /* Frameworks */,
				2C5603A027A49582009BB96F /* Resources */,
			);
			buildRules = (
			);
			dependencies = (
				2C5603A427A49582009BB96F /* PBXTargetDependency */,
			);
			name = "Tests macOS";
			productName = "Tests macOS";
			productReference = 2C5603A227A49582009BB96F /* Tests macOS.xctest */;
			productType = "com.apple.product-type.bundle.ui-testing";
		};
/* End PBXNativeTarget section */

/* Begin PBXProject section */
		2C56037D27A4957F009BB96F /* Project object */ = {
			isa = PBXProject;
			attributes = {
				BuildIndependentTargetsInParallel = 1;
				LastSwiftUpdateCheck = 1320;
				LastUpgradeCheck = 1320;
				TargetAttributes = {
					2C56038827A49582009BB96F = {
						CreatedOnToolsVersion = 13.2.1;
					};
					2C56038E27A49582009BB96F = {
						CreatedOnToolsVersion = 13.2.1;
					};
					2C56039527A49582009BB96F = {
						CreatedOnToolsVersion = 13.2.1;
						TestTargetID = 2C56038827A49582009BB96F;
					};
					2C5603A127A49582009BB96F = {
						CreatedOnToolsVersion = 13.2.1;
						TestTargetID = 2C56038E27A49582009BB96F;
					};
				};
			};
			buildConfigurationList = 2C56038027A4957F009BB96F /* Build configuration list for PBXProject "HW 2 Quadratic" */;
			compatibilityVersion = "Xcode 13.0";
			developmentRegion = en;
			hasScannedForEncodings = 0;
			knownRegions = (
				en,
				Base,
			);
			mainGroup = 2C56037C27A4957F009BB96F;
			productRefGroup = 2C56038A27A49582009BB96F /* Products */;
			projectDirPath = "";
			projectRoot = "";
			targets = (
				2C56038827A49582009BB96F /* HW 2 Quadratic (iOS) */,
				2C56038E27A49582009BB96F /* HW 2 Quadratic (macOS) */,
				2C56039527A49582009BB96F /* Tests iOS */,
				2C5603A127A49582009BB96F /* Tests macOS */,
			);
		};
/* End PBXProject section */

/* Begin PBXResourcesBuildPhase section */
		2C56038727A49582009BB96F /* Resources */ = {
			isa = PBXResourcesBuildPhase;
			buildActionMask = 2147483647;
			files = (
				2C5603AE27A49582009BB96F /* Assets.xcassets in Resources */,
			);
			runOnlyForDeploymentPostprocessing = 0;
		};
		2C56038D27A49582009BB96F /* Resources */ = {
			isa = PBXResourcesBuildPhase;
			buildActionMask = 2147483647;
			files = (
				2C5603AF27A49582009BB96F /* Assets.xcassets in Resources */,
			);
			runOnlyForDeploymentPostprocessing = 0;
		};
		2C56039427A49582009BB96F /* Resources */ = {
			isa = PBXResourcesBuildPhase;
			buildActionMask = 2147483647;
			files = (
			);
			runOnlyForDeploymentPostprocessing = 0;
		};
		2C5603A027A49582009BB96F /* Resources */ = {
			isa = PBXResourcesBuildPhase;
			buildActionMask = 2147483647;
			files = (
			);
			runOnlyForDeploymentPostprocessing = 0;
		};
/* End PBXResourcesBuildPhase section */

/* Begin PBXSourcesBuildPhase section */
		2C56038527A49582009BB96F /* Sources */ = {
			isa = PBXSourcesBuildPhase;
			buildActionMask = 2147483647;
			files = (
				2C5603AC27A49582009BB96F /* ContentView.swift in Sources */,
				2C5603AA27A49582009BB96F /* HW_2App.swift in Sources */,
				2C5603BF27A499CF009BB96F /* RootSolns.swift in Sources */,
			);
			runOnlyForDeploymentPostprocessing = 0;
		};
		2C56038B27A49582009BB96F /* Sources */ = {
			isa = PBXSourcesBuildPhase;
			buildActionMask = 2147483647;
			files = (
				2C5603AD27A49582009BB96F /* ContentView.swift in Sources */,
				2C5603AB27A49582009BB96F /* HW_2App.swift in Sources */,
				2C5603C027A499CF009BB96F /* RootSolns.swift in Sources */,
			);
			runOnlyForDeploymentPostprocessing = 0;
		};
		2C56039227A49582009BB96F /* Sources */ = {
			isa = PBXSourcesBuildPhase;
			buildActionMask = 2147483647;
			files = (
				2C56039D27A49582009BB96F /* Tests_iOSLaunchTests.swift in Sources */,
				2C56039B27A49582009BB96F /* Tests_iOS.swift in Sources */,
			);
			runOnlyForDeploymentPostprocessing = 0;
		};
		2C56039E27A49582009BB96F /* Sources */ = {
			isa = PBXSourcesBuildPhase;
			buildActionMask = 2147483647;
			files = (
				2C5603A927A49582009BB96F /* Tests_macOSLaunchTests.swift in Sources */,
				2C5603A727A49582009BB96F /* Tests_macOS.swift in Sources */,
			);
			runOnlyForDeploymentPostprocessing = 0;
		};
/* End PBXSourcesBuildPhase section */

/* Begin PBXTargetDependency section */
		2C56039827A49582009BB96F /* PBXTargetDependency */ = {
			isa = PBXTargetDependency;
			target = 2C56038827A49582009BB96F /* HW 2 Quadratic (iOS) */;
			targetProxy = 2C56039727A49582009BB96F /* PBXContainerItemProxy */;
		};
		2C5603A427A49582009BB96F /* PBXTargetDependency */ = {
			isa = PBXTargetDependency;
			target = 2C56038E27A49582009BB96F /* HW 2 Quadratic (macOS) */;
			targetProxy = 2C5603A327A49582009BB96F /* PBXContainerItemProxy */;
		};
/* End PBXTargetDependency section */

/* Begin XCBuildConfiguration section */
		2C5603B027A49582009BB96F /* Debug */ = {
			isa = XCBuildConfiguration;
			buildSettings = {
				ALWAYS_SEARCH_USER_PATHS = NO;
				CLANG_ANALYZER_NONNULL = YES;
				CLANG_ANALYZER_NUMBER_OBJECT_CONVERSION = YES_AGGRESSIVE;
				CLANG_CXX_LANGUAGE_STANDARD = "gnu++17";
				CLANG_CXX_LIBRARY = "libc++";
				CLANG_ENABLE_MODULES = YES;
				CLANG_ENABLE_OBJC_ARC = YES;
				CLANG_ENABLE_OBJC_WEAK = YES;
				CLANG_WARN_BLOCK_CAPTURE_AUTORELEASING = YES;
				CLANG_WARN_BOOL_CONVERSION = YES;
				CLANG_WARN_COMMA = YES;
				CLANG_WARN_CONSTANT_CONVERSION = YES;
				CLANG_WARN_DEPRECATED_OBJC_IMPLEMENTATIONS = YES;
				CLANG_WARN_DIRECT_OBJC_ISA_USAGE = YES_ERROR;
				CLANG_WARN_DOCUMENTATION_COMMENTS = YES;
				CLANG_WARN_EMPTY_BODY = YES;
				CLANG_WARN_ENUM_CONVERSION = YES;
				CLANG_WARN_INFINITE_RECURSION = YES;
				CLANG_WARN_INT_CONVERSION = YES;
				CLANG_WARN_NON_LITERAL_NULL_CONVERSION = YES;
				CLANG_WARN_OBJC_IMPLICIT_RETAIN_SELF = YES;
				CLANG_WARN_OBJC_LITERAL_CONVERSION = YES;
				CLANG_WARN_OBJC_ROOT_CLASS = YES_ERROR;
				CLANG_WARN_QUOTED_INCLUDE_IN_FRAMEWORK_HEADER = YES;
				CLANG_WARN_RANGE_LOOP_ANALYSIS = YES;
				CLANG_WARN_STRICT_PROTOTYPES = YES;
				CLANG_WARN_SUSPICIOUS_MOVE = YES;
				CLANG_WARN_UNGUARDED_AVAILABILITY = YES_AGGRESSIVE;
				CLANG_WARN_UNREACHABLE_CODE = YES;
				CLANG_WARN__DUPLICATE_METHOD_MATCH = YES;
				COPY_PHASE_STRIP = NO;
				DEBUG_INFORMATION_FORMAT = dwarf;
				ENABLE_STRICT_OBJC_MSGSEND = YES;
				ENABLE_TESTABILITY = YES;
				GCC_C_LANGUAGE_STANDARD = gnu11;
				GCC_DYNAMIC_NO_PIC = NO;
				GCC_NO_COMMON_BLOCKS = YES;
				GCC_OPTIMIZATION_LEVEL = 0;
				GCC_PREPROCESSOR_DEFINITIONS = (
					"DEBUG=1",
					"$(inherited)",
				);
				GCC_WARN_64_TO_32_BIT_CONVERSION = YES;
				GCC_WARN_ABOUT_RETURN_TYPE = YES_ERROR;
				GCC_WARN_UNDECLARED_SELECTOR = YES;
				GCC_WARN_UNINITIALIZED_AUTOS = YES_AGGRESSIVE;
				GCC_WARN_UNUSED_FUNCTION = YES;
				GCC_WARN_UNUSED_VARIABLE = YES;
				MTL_ENABLE_DEBUG_INFO = INCLUDE_SOURCE;
				MTL_FAST_MATH = YES;
				ONLY_ACTIVE_ARCH = YES;
				SWIFT_ACTIVE_COMPILATION_CONDITIONS = DEBUG;
				SWIFT_OPTIMIZATION_LEVEL = "-Onone";
			};
			name = Debug;
		};
		2C5603B127A49582009BB96F /* Release */ = {
			isa = XCBuildConfiguration;
			buildSettings = {
				ALWAYS_SEARCH_USER_PATHS = NO;
				CLANG_ANALYZER_NONNULL = YES;
				CLANG_ANALYZER_NUMBER_OBJECT_CONVERSION = YES_AGGRESSIVE;
				CLANG_CXX_LANGUAGE_STANDARD = "gnu++17";
				CLANG_CXX_LIBRARY = "libc++";
				CLANG_ENABLE_MODULES = YES;
				CLANG_ENABLE_OBJC_ARC = YES;
				CLANG_ENABLE_OBJC_WEAK = YES;
				CLANG_WARN_BLOCK_CAPTURE_AUTORELEASING = YES;
				CLANG_WARN_BOOL_CONVERSION = YES;
				CLANG_WARN_COMMA = YES;
				CLANG_WARN_CONSTANT_CONVERSION = YES;
				CLANG_WARN_DEPRECATED_OBJC_IMPLEMENTATIONS = YES;
				CLANG_WARN_DIRECT_OBJC_ISA_USAGE = YES_ERROR;
				CLANG_WARN_DOCUMENTATION_COMMENTS = YES;
				CLANG_WARN_EMPTY_BODY = YES;
				CLANG_WARN_ENUM_CONVERSION = YES;
				CLANG_WARN_INFINITE_RECURSION = YES;
				CLANG_WARN_INT_CONVERSION = YES;
				CLANG_WARN_NON_LITERAL_NULL_CONVERSION = YES;
				CLANG_WARN_OBJC_IMPLICIT_RETAIN_SELF = YES;
				CLANG_WARN_OBJC_LITERAL_CONVERSION = YES;
				CLANG_WARN_OBJC_ROOT_CLASS = YES_ERROR;
				CLANG_WARN_QUOTED_INCLUDE_IN_FRAMEWORK_HEADER = YES;
				CLANG_WARN_RANGE_LOOP_ANALYSIS = YES;
				CLANG_WARN_STRICT_PROTOTYPES = YES;
				CLANG_WARN_SUSPICIOUS_MOVE = YES;
				CLANG_WARN_UNGUARDED_AVAILABILITY = YES_AGGRESSIVE;
				CLANG_WARN_UNREACHABLE_CODE = YES;
				CLANG_WARN__DUPLICATE_METHOD_MATCH = YES;
				COPY_PHASE_STRIP = NO;
				DEBUG_INFORMATION_FORMAT = "dwarf-with-dsym";
				ENABLE_NS_ASSERTIONS = NO;
				ENABLE_STRICT_OBJC_MSGSEND = YES;
				GCC_C_LANGUAGE_STANDARD = gnu11;
				GCC_NO_COMMON_BLOCKS = YES;
				GCC_WARN_64_TO_32_BIT_CONVERSION = YES;
				GCC_WARN_ABOUT_RETURN_TYPE = YES_ERROR;
				GCC_WARN_UNDECLARED_SELECTOR = YES;
				GCC_WARN_UNINITIALIZED_AUTOS = YES_AGGRESSIVE;
				GCC_WARN_UNUSED_FUNCTION = YES;
				GCC_WARN_UNUSED_VARIABLE = YES;
				MTL_ENABLE_DEBUG_INFO = NO;
				MTL_FAST_MATH = YES;
				SWIFT_COMPILATION_MODE = wholemodule;
				SWIFT_OPTIMIZATION_LEVEL = "-O";
			};
			name = Release;
		};
		2C5603B327A49582009BB96F /* Debug */ = {
			isa = XCBuildConfiguration;
			buildSettings = {
				ASSETCATALOG_COMPILER_APPICON_NAME = AppIcon;
				ASSETCATALOG_COMPILER_GLOBAL_ACCENT_COLOR_NAME = AccentColor;
				CODE_SIGN_STYLE = Automatic;
				CURRENT_PROJECT_VERSION = 1;
				ENABLE_PREVIEWS = YES;
				GENERATE_INFOPLIST_FILE = YES;
				INFOPLIST_KEY_UIApplicationSceneManifest_Generation = YES;
				INFOPLIST_KEY_UIApplicationSupportsIndirectInputEvents = YES;
				INFOPLIST_KEY_UILaunchScreen_Generation = YES;
				INFOPLIST_KEY_UISupportedInterfaceOrientations_iPad = "UIInterfaceOrientationPortrait UIInterfaceOrientationPortraitUpsideDown UIInterfaceOrientationLandscapeLeft UIInterfaceOrientationLandscapeRight";
				INFOPLIST_KEY_UISupportedInterfaceOrientations_iPhone = "UIInterfaceOrientationPortrait UIInterfaceOrientationLandscapeLeft UIInterfaceOrientationLandscapeRight";
				IPHONEOS_DEPLOYMENT_TARGET = 15.2;
				LD_RUNPATH_SEARCH_PATHS = (
					"$(inherited)",
					"@executable_path/Frameworks",
				);
				MARKETING_VERSION = 1.0;
				PRODUCT_BUNDLE_IDENTIFIER = "IIT.HW-2";
				PRODUCT_NAME = "HW 2 Quadratic";
				SDKROOT = iphoneos;
				SWIFT_EMIT_LOC_STRINGS = YES;
				SWIFT_VERSION = 5.0;
				TARGETED_DEVICE_FAMILY = "1,2";
			};
			name = Debug;
		};
		2C5603B427A49582009BB96F /* Release */ = {
			isa = XCBuildConfiguration;
			buildSettings = {
				ASSETCATALOG_COMPILER_APPICON_NAME = AppIcon;
				ASSETCATALOG_COMPILER_GLOBAL_ACCENT_COLOR_NAME = AccentColor;
				CODE_SIGN_STYLE = Automatic;
				CURRENT_PROJECT_VERSION = 1;
				ENABLE_PREVIEWS = YES;
				GENERATE_INFOPLIST_FILE = YES;
				INFOPLIST_KEY_UIApplicationSceneManifest_Generation = YES;
				INFOPLIST_KEY_UIApplicationSupportsIndirectInputEvents = YES;
				INFOPLIST_KEY_UILaunchScreen_Generation = YES;
				INFOPLIST_KEY_UISupportedInterfaceOrientations_iPad = "UIInterfaceOrientationPortrait UIInterfaceOrientationPortraitUpsideDown UIInterfaceOrientationLandscapeLeft UIInterfaceOrientationLandscapeRight";
				INFOPLIST_KEY_UISupportedInterfaceOrientations_iPhone = "UIInterfaceOrientationPortrait UIInterfaceOrientationLandscapeLeft UIInterfaceOrientationLandscapeRight";
				IPHONEOS_DEPLOYMENT_TARGET = 15.2;
				LD_RUNPATH_SEARCH_PATHS = (
					"$(inherited)",
					"@executable_path/Frameworks",
				);
				MARKETING_VERSION = 1.0;
				PRODUCT_BUNDLE_IDENTIFIER = "IIT.HW-2";
				PRODUCT_NAME = "HW 2 Quadratic";
				SDKROOT = iphoneos;
				SWIFT_EMIT_LOC_STRINGS = YES;
				SWIFT_VERSION = 5.0;
				TARGETED_DEVICE_FAMILY = "1,2";
				VALIDATE_PRODUCT = YES;
			};
			name = Release;
		};
		2C5603B627A49582009BB96F /* Debug */ = {
			isa = XCBuildConfiguration;
			buildSettings = {
				ASSETCATALOG_COMPILER_APPICON_NAME = AppIcon;
				ASSETCATALOG_COMPILER_GLOBAL_ACCENT_COLOR_NAME = AccentColor;
				CODE_SIGN_ENTITLEMENTS = macOS/macOS.entitlements;
				CODE_SIGN_STYLE = Automatic;
				COMBINE_HIDPI_IMAGES = YES;
				CURRENT_PROJECT_VERSION = 1;
				ENABLE_PREVIEWS = YES;
				GENERATE_INFOPLIST_FILE = YES;
				INFOPLIST_KEY_NSHumanReadableCopyright = "";
				LD_RUNPATH_SEARCH_PATHS = (
					"$(inherited)",
					"@executable_path/../Frameworks",
				);
				MACOSX_DEPLOYMENT_TARGET = 12.1;
				MARKETING_VERSION = 1.0;
				PRODUCT_BUNDLE_IDENTIFIER = "IIT.HW-2";
				PRODUCT_NAME = "HW 2 Quadratic";
				SDKROOT = macosx;
				SWIFT_EMIT_LOC_STRINGS = YES;
				SWIFT_VERSION = 5.0;
			};
			name = Debug;
		};
		2C5603B727A49582009BB96F /* Release */ = {
			isa = XCBuildConfiguration;
			buildSettings = {
				ASSETCATALOG_COMPILER_APPICON_NAME = AppIcon;
				ASSETCATALOG_COMPILER_GLOBAL_ACCENT_COLOR_NAME = AccentColor;
				CODE_SIGN_ENTITLEMENTS = macOS/macOS.entitlements;
				CODE_SIGN_STYLE = Automatic;
				COMBINE_HIDPI_IMAGES = YES;
				CURRENT_PROJECT_VERSION = 1;
				ENABLE_PREVIEWS = YES;
				GENERATE_INFOPLIST_FILE = YES;
				INFOPLIST_KEY_NSHumanReadableCopyright = "";
				LD_RUNPATH_SEARCH_PATHS = (
					"$(inherited)",
					"@executable_path/../Frameworks",
				);
				MACOSX_DEPLOYMENT_TARGET = 12.1;
				MARKETING_VERSION = 1.0;
				PRODUCT_BUNDLE_IDENTIFIER = "IIT.HW-2";
				PRODUCT_NAME = "HW 2 Quadratic";
				SDKROOT = macosx;
				SWIFT_EMIT_LOC_STRINGS = YES;
				SWIFT_VERSION = 5.0;
			};
			name = Release;
		};
		2C5603B927A49582009BB96F /* Debug */ = {
			isa = XCBuildConfiguration;
			buildSettings = {
				ALWAYS_EMBED_SWIFT_STANDARD_LIBRARIES = YES;
				CODE_SIGN_STYLE = Automatic;
				CURRENT_PROJECT_VERSION = 1;
				GENERATE_INFOPLIST_FILE = YES;
				IPHONEOS_DEPLOYMENT_TARGET = 15.2;
				MARKETING_VERSION = 1.0;
				PRODUCT_BUNDLE_IDENTIFIER = "IIT.Tests-iOS";
				PRODUCT_NAME = "$(TARGET_NAME)";
				SDKROOT = iphoneos;
				SWIFT_EMIT_LOC_STRINGS = NO;
				SWIFT_VERSION = 5.0;
				TARGETED_DEVICE_FAMILY = "1,2";
				TEST_TARGET_NAME = "HW 2 (iOS)";
			};
			name = Debug;
		};
		2C5603BA27A49582009BB96F /* Release */ = {
			isa = XCBuildConfiguration;
			buildSettings = {
				ALWAYS_EMBED_SWIFT_STANDARD_LIBRARIES = YES;
				CODE_SIGN_STYLE = Automatic;
				CURRENT_PROJECT_VERSION = 1;
				GENERATE_INFOPLIST_FILE = YES;
				IPHONEOS_DEPLOYMENT_TARGET = 15.2;
				MARKETING_VERSION = 1.0;
				PRODUCT_BUNDLE_IDENTIFIER = "IIT.Tests-iOS";
				PRODUCT_NAME = "$(TARGET_NAME)";
				SDKROOT = iphoneos;
				SWIFT_EMIT_LOC_STRINGS = NO;
				SWIFT_VERSION = 5.0;
				TARGETED_DEVICE_FAMILY = "1,2";
				TEST_TARGET_NAME = "HW 2 (iOS)";
				VALIDATE_PRODUCT = YES;
			};
			name = Release;
		};
		2C5603BC27A49582009BB96F /* Debug */ = {
			isa = XCBuildConfiguration;
			buildSettings = {
				ALWAYS_EMBED_SWIFT_STANDARD_LIBRARIES = YES;
				CODE_SIGN_STYLE = Automatic;
				CURRENT_PROJECT_VERSION = 1;
				GENERATE_INFOPLIST_FILE = YES;
				MACOSX_DEPLOYMENT_TARGET = 12.1;
				MARKETING_VERSION = 1.0;
				PRODUCT_BUNDLE_IDENTIFIER = "IIT.Tests-macOS";
				PRODUCT_NAME = "$(TARGET_NAME)";
				SDKROOT = macosx;
				SWIFT_EMIT_LOC_STRINGS = NO;
				SWIFT_VERSION = 5.0;
				TEST_TARGET_NAME = "HW 2 (macOS)";
			};
			name = Debug;
		};
		2C5603BD27A49582009BB96F /* Release */ = {
			isa = XCBuildConfiguration;
			buildSettings = {
				ALWAYS_EMBED_SWIFT_STANDARD_LIBRARIES = YES;
				CODE_SIGN_STYLE = Automatic;
				CURRENT_PROJECT_VERSION = 1;
				GENERATE_INFOPLIST_FILE = YES;
				MACOSX_DEPLOYMENT_TARGET = 12.1;
				MARKETING_VERSION = 1.0;
				PRODUCT_BUNDLE_IDENTIFIER = "IIT.Tests-macOS";
				PRODUCT_NAME = "$(TARGET_NAME)";
				SDKROOT = macosx;
				SWIFT_EMIT_LOC_STRINGS = NO;
				SWIFT_VERSION = 5.0;
				TEST_TARGET_NAME = "HW 2 (macOS)";
			};
			name = Release;
		};
/* End XCBuildConfiguration section */

/* Begin XCConfigurationList section */
		2C56038027A4957F009BB96F /* Build configuration list for PBXProject "HW 2 Quadratic" */ = {
			isa = XCConfigurationList;
			buildConfigurations = (
				2C5603B027A49582009BB96F /* Debug */,
				2C5603B127A49582009BB96F /* Release */,
			);
			defaultConfigurationIsVisible = 0;
			defaultConfigurationName = Release;
		};
		2C5603B227A49582009BB96F /* Build configuration list for PBXNativeTarget "HW 2 Quadratic (iOS)" */ = {
			isa = XCConfigurationList;
			buildConfigurations = (
				2C5603B327A49582009BB96F /* Debug */,
				2C5603B427A49582009BB96F /* Release */,
			);
			defaultConfigurationIsVisible = 0;
			defaultConfigurationName = Release;
		};
		2C5603B527A49582009BB96F /* Build configuration list for PBXNativeTarget "HW 2 Quadratic (macOS)" */ = {
			isa = XCConfigurationList;
			buildConfigurations = (
				2C5603B627A49582009BB96F /* Debug */,
				2C5603B727A49582009BB96F /* Release */,
			);
			defaultConfigurationIsVisible = 0;
			defaultConfigurationName = Release;
		};
		2C5603B827A49582009BB96F /* Build configuration list for PBXNativeTarget "Tests iOS" */ = {
			isa = XCConfigurationList;
			buildConfigurations = (
				2C5603B927A49582009BB96F /* Debug */,
				2C5603BA27A49582009BB96F /* Release */,
			);
			defaultConfigurationIsVisible = 0;
			defaultConfigurationName = Release;
		};
		2C5603BB27A49582009BB96F /* Build configuration list for PBXNativeTarget "Tests macOS" */ = {
			isa = XCConfigurationList;
			buildConfigurations = (
				2C5603BC27A49582009BB96F /* Debug */,
				2C5603BD27A49582009BB96F /* Release */,
			);
			defaultConfigurationIsVisible = 0;
			defaultConfigurationName = Release;
		};
/* End XCConfigurationList section */
	};
	rootObject = 2C56037D27A4957F009BB96F /* Project object */;
}
